
Microsoft Visual Studio Solution File, Format Version 12.00
# Visual Studio 15
VisualStudioVersion = 15.0.27130.2027
MinimumVisualStudioVersion = 10.0.40219.1
Project("{9A19103F-16F7-4668-BE54-9A1E7A4F7556}") = "TestConsole", "TestConsole\TestConsole.csproj", "{0C89C332-7B67-4D29-9E6A-4E0862336CF9}"
EndProject
Project("{2150E333-8FDC-42A3-9474-1A3956D46DE8}") = "1. Code", "1. Code", "{8A9BED1A-3926-4AAB-AF3B-0D10DDF911A4}"
EndProject
Project("{2150E333-8FDC-42A3-9474-1A3956D46DE8}") = "2. Unit Tests", "2. Unit Tests", "{1A40AA15-930B-4D91-A7AC-16462D9B2A44}"
EndProject
Project("{9A19103F-16F7-4668-BE54-9A1E7A4F7556}") = "TestConsole.Tests", "TestConsole.Tests\TestConsole.Tests.csproj", "{FE9125CE-96AA-4E67-897E-2B5004DC7FA8}"
EndProject
Project("{2150E333-8FDC-42A3-9474-1A3956D46DE8}") = "Solution Items", "Solution Items", "{25910CE3-3CC5-4A04-A450-8411C97758D0}"
	ProjectSection(SolutionItems) = preProject
		..\.gitattributes = ..\.gitattributes
		..\.gitignore = ..\.gitignore
	EndProjectSection
EndProject
Project("{9A19103F-16F7-4668-BE54-9A1E7A4F7556}") = "ApprovalTestsKludge", "ApprovalTestsKludge\ApprovalTestsKludge.csproj", "{26B5E60A-E6AC-4E1D-95AA-B4AEFB04C286}"
EndProject
Global
	GlobalSection(SolutionConfigurationPlatforms) = preSolution
		Debug|Any CPU = Debug|Any CPU
		Release|Any CPU = Release|Any CPU
	EndGlobalSection
	GlobalSection(ProjectConfigurationPlatforms) = postSolution
		{0C89C332-7B67-4D29-9E6A-4E0862336CF9}.Debug|Any CPU.ActiveCfg = Debug|Any CPU
		{0C89C332-7B67-4D29-9E6A-4E0862336CF9}.Debug|Any CPU.Build.0 = Debug|Any CPU
		{0C89C332-7B67-4D29-9E6A-4E0862336CF9}.Release|Any CPU.ActiveCfg = Release|Any CPU
		{0C89C332-7B67-4D29-9E6A-4E0862336CF9}.Release|Any CPU.Build.0 = Release|Any CPU
		{FE9125CE-96AA-4E67-897E-2B5004DC7FA8}.Debug|Any CPU.ActiveCfg = Debug|Any CPU
		{FE9125CE-96AA-4E67-897E-2B5004DC7FA8}.Debug|Any CPU.Build.0 = Debug|Any CPU
		{FE9125CE-96AA-4E67-897E-2B5004DC7FA8}.Release|Any CPU.ActiveCfg = Release|Any CPU
		{FE9125CE-96AA-4E67-897E-2B5004DC7FA8}.Release|Any CPU.Build.0 = Release|Any CPU
		{26B5E60A-E6AC-4E1D-95AA-B4AEFB04C286}.Debug|Any CPU.ActiveCfg = Debug|Any CPU
		{26B5E60A-E6AC-4E1D-95AA-B4AEFB04C286}.Debug|Any CPU.Build.0 = Debug|Any CPU
		{26B5E60A-E6AC-4E1D-95AA-B4AEFB04C286}.Release|Any CPU.ActiveCfg = Release|Any CPU
		{26B5E60A-E6AC-4E1D-95AA-B4AEFB04C286}.Release|Any CPU.Build.0 = Release|Any CPU
	EndGlobalSection
	GlobalSection(SolutionProperties) = preSolution
		HideSolutionNode = FALSE
	EndGlobalSection
	GlobalSection(NestedProjects) = preSolution
		{0C89C332-7B67-4D29-9E6A-4E0862336CF9} = {8A9BED1A-3926-4AAB-AF3B-0D10DDF911A4}
		{FE9125CE-96AA-4E67-897E-2B5004DC7FA8} = {1A40AA15-930B-4D91-A7AC-16462D9B2A44}
	EndGlobalSection
	GlobalSection(ExtensibilityGlobals) = postSolution
		SolutionGuid = {DECBEC7D-A0D3-4FDE-8BE0-7B730332BB97}
	EndGlobalSection
EndGlobal
